// !$*UTF8*$!
{
	archiveVersion = 1;
	classes = {
	};
	objectVersion = 56;
	objects = {

/* Begin PBXBuildFile section */
		2606651D29287A000020938F /* SampleMoveOperationViewController.swift in Sources */ = {isa = PBXBuildFile; fileRef = 2606651C29287A000020938F /* SampleMoveOperationViewController.swift */; };
		2606651F292881080020938F /* SampleScaleOperationViewController.swift in Sources */ = {isa = PBXBuildFile; fileRef = 2606651E292881080020938F /* SampleScaleOperationViewController.swift */; };
		260665212928834F0020938F /* SampleSchemeOperationViewController.swift in Sources */ = {isa = PBXBuildFile; fileRef = 260665202928834F0020938F /* SampleSchemeOperationViewController.swift */; };
		2641D764291D27F50073AF6C /* ColorComposeViewController.swift in Sources */ = {isa = PBXBuildFile; fileRef = 2641D763291D27F50073AF6C /* ColorComposeViewController.swift */; };
		2662D11C294C6672003C0965 /* LocalLibraryItemViewCell.swift in Sources */ = {isa = PBXBuildFile; fileRef = 2662D11B294C6672003C0965 /* LocalLibraryItemViewCell.swift */; };
		2668B2C129D06974000C49F5 /* NetworkReachability.swift in Sources */ = {isa = PBXBuildFile; fileRef = 2668B2C029D06974000C49F5 /* NetworkReachability.swift */; };
		26E7C39A2920CB920068D56C /* ColorSchemeView.swift in Sources */ = {isa = PBXBuildFile; fileRef = 26E7C3992920CB920068D56C /* ColorSchemeView.swift */; };
		8A06F71B295D647E00F8FEB4 /* SchemeTableViewCell.swift in Sources */ = {isa = PBXBuildFile; fileRef = 8A06F71A295D647E00F8FEB4 /* SchemeTableViewCell.swift */; };
		8A0A314829A31DA1002AD223 /* International.swift in Sources */ = {isa = PBXBuildFile; fileRef = 8A0A314729A31DA1002AD223 /* International.swift */; };
		8A145A99291CC9DA001DA76C /* MeViewController.swift in Sources */ = {isa = PBXBuildFile; fileRef = 8A145A98291CC9DA001DA76C /* MeViewController.swift */; };
		8A145A9B291CED8B001DA76C /* SampleRegionView.swift in Sources */ = {isa = PBXBuildFile; fileRef = 8A145A9A291CED8B001DA76C /* SampleRegionView.swift */; };
		8A15B78329C2AE1900426233 /* StorePaymentProductTableViewCell.swift in Sources */ = {isa = PBXBuildFile; fileRef = 8A15B78229C2AE1900426233 /* StorePaymentProductTableViewCell.swift */; };
		8A15B78529C2BA7B00426233 /* ProductView.swift in Sources */ = {isa = PBXBuildFile; fileRef = 8A15B78429C2BA7B00426233 /* ProductView.swift */; };
		8A19DD5B295990B00058CE39 /* LocalLibraryItemDetailViewCell.swift in Sources */ = {isa = PBXBuildFile; fileRef = 8A19DD5A295990B00058CE39 /* LocalLibraryItemDetailViewCell.swift */; };
		8A1E612D29D11FA700EB81E6 /* NetworkNotificationViewController.swift in Sources */ = {isa = PBXBuildFile; fileRef = 8A1E612C29D11FA700EB81E6 /* NetworkNotificationViewController.swift */; };
		8A274386295A85450035BEA7 /* LocalLibraryGroupViewController.swift in Sources */ = {isa = PBXBuildFile; fileRef = 8A274385295A85450035BEA7 /* LocalLibraryGroupViewController.swift */; };
		8A41E6C12952B0D50033B865 /* cJSON.c in Sources */ = {isa = PBXBuildFile; fileRef = 8A41E6C02952B0D50033B865 /* cJSON.c */; };
		8A4B14C929C06A4E0039FBCC /* PrivacyPolicyViewController.swift in Sources */ = {isa = PBXBuildFile; fileRef = 8A4B14C829C06A4E0039FBCC /* PrivacyPolicyViewController.swift */; };
		8A4B14CB29C06A9A0039FBCC /* TermsAndConditionsViewController.swift in Sources */ = {isa = PBXBuildFile; fileRef = 8A4B14CA29C06A9A0039FBCC /* TermsAndConditionsViewController.swift */; };
		8A4F084E29B57EA9001EABB9 /* PhotoPortraitView.swift in Sources */ = {isa = PBXBuildFile; fileRef = 8A4F084D29B57EA9001EABB9 /* PhotoPortraitView.swift */; };
		8A4F085029B57EEE001EABB9 /* ColorWheelPortraitView.swift in Sources */ = {isa = PBXBuildFile; fileRef = 8A4F084F29B57EEE001EABB9 /* ColorWheelPortraitView.swift */; };
		8A4F085329B5B4F7001EABB9 /* Analogous.swift in Sources */ = {isa = PBXBuildFile; fileRef = 8A4F085229B5B4F7001EABB9 /* Analogous.swift */; };
		8A4F085529B5B8FC001EABB9 /* Monochromatic.swift in Sources */ = {isa = PBXBuildFile; fileRef = 8A4F085429B5B8FC001EABB9 /* Monochromatic.swift */; };
		8A4F085729B5B90B001EABB9 /* Triad.swift in Sources */ = {isa = PBXBuildFile; fileRef = 8A4F085629B5B90B001EABB9 /* Triad.swift */; };
		8A4F085929B5B91C001EABB9 /* Complementary.swift in Sources */ = {isa = PBXBuildFile; fileRef = 8A4F085829B5B91C001EABB9 /* Complementary.swift */; };
		8A4F085B29B5B926001EABB9 /* Square.swift in Sources */ = {isa = PBXBuildFile; fileRef = 8A4F085A29B5B926001EABB9 /* Square.swift */; };
		8A4F085D29B5B93B001EABB9 /* SplitComplementary.swift in Sources */ = {isa = PBXBuildFile; fileRef = 8A4F085C29B5B93B001EABB9 /* SplitComplementary.swift */; };
		8A4F085F29B5B947001EABB9 /* Custom.swift in Sources */ = {isa = PBXBuildFile; fileRef = 8A4F085E29B5B947001EABB9 /* Custom.swift */; };
		8A4F086129B5BAF3001EABB9 /* ComposeModel.swift in Sources */ = {isa = PBXBuildFile; fileRef = 8A4F086029B5BAF3001EABB9 /* ComposeModel.swift */; };
		8A5400EE295BE4F5000A5934 /* PortraitViewController.swift in Sources */ = {isa = PBXBuildFile; fileRef = 8A5400ED295BE4F5000A5934 /* PortraitViewController.swift */; };
		8A5A707329A6F3110030F7FB /* ColorSchemeInfoSingleLineView.swift in Sources */ = {isa = PBXBuildFile; fileRef = 8A5A707229A6F3110030F7FB /* ColorSchemeInfoSingleLineView.swift */; };
		8A5A70C629A70D9A0030F7FB /* Localizable.strings in Resources */ = {isa = PBXBuildFile; fileRef = 8A5A70C829A70D9A0030F7FB /* Localizable.strings */; };
		8A5E73452966BAFD00994824 /* LinkPresentation.framework in Frameworks */ = {isa = PBXBuildFile; fileRef = 8A5E73442966BAFD00994824 /* LinkPresentation.framework */; };
		8A5FAA6F291DE4E400FDFF76 /* ColorWheelView.swift in Sources */ = {isa = PBXBuildFile; fileRef = 8A5FAA6E291DE4E400FDFF76 /* ColorWheelView.swift */; };
		8A5FAA71291E37C300FDFF76 /* TabBarController.swift in Sources */ = {isa = PBXBuildFile; fileRef = 8A5FAA70291E37C300FDFF76 /* TabBarController.swift */; };
		8A606C0929C008FC00844B4F /* AppStore.swift in Sources */ = {isa = PBXBuildFile; fileRef = 8A606C0829C008FC00844B4F /* AppStore.swift */; };
		8A6112852967A5830038D322 /* SchemeDiagramViewController.swift in Sources */ = {isa = PBXBuildFile; fileRef = 8A6112842967A5830038D322 /* SchemeDiagramViewController.swift */; };
		8A68E249299DB93E00692BFE /* Alice+UIView.swift in Sources */ = {isa = PBXBuildFile; fileRef = 8A68E248299DB93E00692BFE /* Alice+UIView.swift */; };
		8A68E24B299DB96200692BFE /* Alice+UIImage.swift in Sources */ = {isa = PBXBuildFile; fileRef = 8A68E24A299DB96200692BFE /* Alice+UIImage.swift */; };
		8A68E24D299DB98700692BFE /* Alice+UIColor.swift in Sources */ = {isa = PBXBuildFile; fileRef = 8A68E24C299DB98700692BFE /* Alice+UIColor.swift */; };
		8A6A43A4291A374300603EB1 /* DominantColor.cpp in Sources */ = {isa = PBXBuildFile; fileRef = 8A6A43A3291A374300603EB1 /* DominantColor.cpp */; };
		8A86DFFA297B6FF800329118 /* ColorSchemeGenerator.swift in Sources */ = {isa = PBXBuildFile; fileRef = 8A86DFF9297B6FF800329118 /* ColorSchemeGenerator.swift */; };
		8A895FDC29A5AD9600B667DA /* ColorSchemePortrait.swift in Sources */ = {isa = PBXBuildFile; fileRef = 8A895FDB29A5AD9600B667DA /* ColorSchemePortrait.swift */; };
		8A944E282970E735000449BE /* ColorPaletteCodable in Frameworks */ = {isa = PBXBuildFile; productRef = 8A944E272970E735000449BE /* ColorPaletteCodable */; };
		8A97329A297912B700CF88C6 /* NavigationController.swift in Sources */ = {isa = PBXBuildFile; fileRef = 8A973299297912B700CF88C6 /* NavigationController.swift */; };
		8A991A9E296FE0BA000D2F37 /* ZIPFoundation in Frameworks */ = {isa = PBXBuildFile; productRef = 8A991A9D296FE0BA000D2F37 /* ZIPFoundation */; };
		8AA6EA1A294FF78C00E6DC5D /* LocalLibrary.swift in Sources */ = {isa = PBXBuildFile; fileRef = 8AA6EA19294FF78C00E6DC5D /* LocalLibrary.swift */; };
		8AA6EA1C294FF95E00E6DC5D /* Snapshoot.swift in Sources */ = {isa = PBXBuildFile; fileRef = 8AA6EA1B294FF95E00E6DC5D /* Snapshoot.swift */; };
		8AAC9C462918D9CF004680B6 /* AppDelegate.swift in Sources */ = {isa = PBXBuildFile; fileRef = 8AAC9C452918D9CF004680B6 /* AppDelegate.swift */; };
		8AAC9C482918D9CF004680B6 /* SceneDelegate.swift in Sources */ = {isa = PBXBuildFile; fileRef = 8AAC9C472918D9CF004680B6 /* SceneDelegate.swift */; };
		8AAC9C4A2918D9CF004680B6 /* InspirationViewController.swift in Sources */ = {isa = PBXBuildFile; fileRef = 8AAC9C492918D9CF004680B6 /* InspirationViewController.swift */; };
		8AAC9C4D2918D9CF004680B6 /* Main.storyboard in Resources */ = {isa = PBXBuildFile; fileRef = 8AAC9C4B2918D9CF004680B6 /* Main.storyboard */; };
		8AAC9C4F2918D9D0004680B6 /* Assets.xcassets in Resources */ = {isa = PBXBuildFile; fileRef = 8AAC9C4E2918D9D0004680B6 /* Assets.xcassets */; };
		8AAC9C522918D9D0004680B6 /* LaunchScreen.storyboard in Resources */ = {isa = PBXBuildFile; fileRef = 8AAC9C502918D9D0004680B6 /* LaunchScreen.storyboard */; };
		8AAC9C5A2918DD84004680B6 /* DiscoverViewController.swift in Sources */ = {isa = PBXBuildFile; fileRef = 8AAC9C592918DD84004680B6 /* DiscoverViewController.swift */; };
		8AAC9C5C2918F056004680B6 /* ColorSampleViewController.swift in Sources */ = {isa = PBXBuildFile; fileRef = 8AAC9C5B2918F056004680B6 /* ColorSampleViewController.swift */; };
		8AAC9C5E2918FB13004680B6 /* ColorSampler.swift in Sources */ = {isa = PBXBuildFile; fileRef = 8AAC9C5D2918FB13004680B6 /* ColorSampler.swift */; };
		8AB35AAE29D134DF0064C11B /* icon-app-launch@3x.png in Resources */ = {isa = PBXBuildFile; fileRef = 8AB35AAD29D134DF0064C11B /* icon-app-launch@3x.png */; };
		8AB35AB229D138460064C11B /* Illustration.xcassets in Resources */ = {isa = PBXBuildFile; fileRef = 8AB35AB129D138460064C11B /* Illustration.xcassets */; };
		8AB35AB429D17BD50064C11B /* Settings.swift in Sources */ = {isa = PBXBuildFile; fileRef = 8AB35AB329D17BD50064C11B /* Settings.swift */; };
		8AB3B95729655CDB00780538 /* ColorFunction.swift in Sources */ = {isa = PBXBuildFile; fileRef = 8AB3B95629655CDB00780538 /* ColorFunction.swift */; };
		8ABB197D296D0D7900B46462 /* NotificationView.swift in Sources */ = {isa = PBXBuildFile; fileRef = 8ABB197C296D0D7900B46462 /* NotificationView.swift */; };
		8ABFBB3729557BE100C0D9A4 /* LocalLibraryViewController.swift in Sources */ = {isa = PBXBuildFile; fileRef = 8ABFBB3629557BE100C0D9A4 /* LocalLibraryViewController.swift */; };
		8AC73A992992386F00BFF0C7 /* SubscribeViewController.swift in Sources */ = {isa = PBXBuildFile; fileRef = 8AC73A982992386F00BFF0C7 /* SubscribeViewController.swift */; };
		8AC73A9B299238C000BFF0C7 /* ManualViewController.swift in Sources */ = {isa = PBXBuildFile; fileRef = 8AC73A9A299238C000BFF0C7 /* ManualViewController.swift */; };
		8AC73A9D2992390900BFF0C7 /* AboutViewController.swift in Sources */ = {isa = PBXBuildFile; fileRef = 8AC73A9C2992390900BFF0C7 /* AboutViewController.swift */; };
		8ACA187529BB028B0035F872 /* Sample in Resources */ = {isa = PBXBuildFile; fileRef = 8ACA187329BB028B0035F872 /* Sample */; };
		8AD5E6B7292F61E200A6F1CA /* SchemeTableViewController.swift in Sources */ = {isa = PBXBuildFile; fileRef = 8AD5E6B6292F61E200A6F1CA /* SchemeTableViewController.swift */; };
		8AFDB970297534EC00970C0B /* ColorComposer.swift in Sources */ = {isa = PBXBuildFile; fileRef = 8AFDB96F297534EC00970C0B /* ColorComposer.swift */; };
/* End PBXBuildFile section */

/* Begin PBXFileReference section */
		2606651C29287A000020938F /* SampleMoveOperationViewController.swift */ = {isa = PBXFileReference; lastKnownFileType = sourcecode.swift; path = SampleMoveOperationViewController.swift; sourceTree = "<group>"; };
		2606651E292881080020938F /* SampleScaleOperationViewController.swift */ = {isa = PBXFileReference; lastKnownFileType = sourcecode.swift; path = SampleScaleOperationViewController.swift; sourceTree = "<group>"; };
		260665202928834F0020938F /* SampleSchemeOperationViewController.swift */ = {isa = PBXFileReference; lastKnownFileType = sourcecode.swift; path = SampleSchemeOperationViewController.swift; sourceTree = "<group>"; };
		2634C12F291A764A00ED4D62 /* dkm_parallel.hpp */ = {isa = PBXFileReference; fileEncoding = 4; lastKnownFileType = sourcecode.cpp.h; path = dkm_parallel.hpp; sourceTree = "<group>"; };
		2634C130291A764A00ED4D62 /* dkm_utils.hpp */ = {isa = PBXFileReference; fileEncoding = 4; lastKnownFileType = sourcecode.cpp.h; path = dkm_utils.hpp; sourceTree = "<group>"; };
		2634C131291A764A00ED4D62 /* dkm.hpp */ = {isa = PBXFileReference; fileEncoding = 4; lastKnownFileType = sourcecode.cpp.h; path = dkm.hpp; sourceTree = "<group>"; };
		2641D763291D27F50073AF6C /* ColorComposeViewController.swift */ = {isa = PBXFileReference; lastKnownFileType = sourcecode.swift; path = ColorComposeViewController.swift; sourceTree = "<group>"; };
		2662D11B294C6672003C0965 /* LocalLibraryItemViewCell.swift */ = {isa = PBXFileReference; lastKnownFileType = sourcecode.swift; path = LocalLibraryItemViewCell.swift; sourceTree = "<group>"; };
		2668B2C029D06974000C49F5 /* NetworkReachability.swift */ = {isa = PBXFileReference; lastKnownFileType = sourcecode.swift; path = NetworkReachability.swift; sourceTree = "<group>"; };
		26E7C3992920CB920068D56C /* ColorSchemeView.swift */ = {isa = PBXFileReference; lastKnownFileType = sourcecode.swift; path = ColorSchemeView.swift; sourceTree = "<group>"; };
		8A06F71A295D647E00F8FEB4 /* SchemeTableViewCell.swift */ = {isa = PBXFileReference; lastKnownFileType = sourcecode.swift; path = SchemeTableViewCell.swift; sourceTree = "<group>"; };
		8A0A314729A31DA1002AD223 /* International.swift */ = {isa = PBXFileReference; lastKnownFileType = sourcecode.swift; path = International.swift; sourceTree = "<group>"; };
		8A145A98291CC9DA001DA76C /* MeViewController.swift */ = {isa = PBXFileReference; lastKnownFileType = sourcecode.swift; path = MeViewController.swift; sourceTree = "<group>"; };
		8A145A9A291CED8B001DA76C /* SampleRegionView.swift */ = {isa = PBXFileReference; lastKnownFileType = sourcecode.swift; path = SampleRegionView.swift; sourceTree = "<group>"; };
		8A15B78229C2AE1900426233 /* StorePaymentProductTableViewCell.swift */ = {isa = PBXFileReference; lastKnownFileType = sourcecode.swift; path = StorePaymentProductTableViewCell.swift; sourceTree = "<group>"; };
		8A15B78429C2BA7B00426233 /* ProductView.swift */ = {isa = PBXFileReference; lastKnownFileType = sourcecode.swift; path = ProductView.swift; sourceTree = "<group>"; };
		8A19DD5A295990B00058CE39 /* LocalLibraryItemDetailViewCell.swift */ = {isa = PBXFileReference; fileEncoding = 4; lastKnownFileType = sourcecode.swift; path = LocalLibraryItemDetailViewCell.swift; sourceTree = "<group>"; };
		8A1E612C29D11FA700EB81E6 /* NetworkNotificationViewController.swift */ = {isa = PBXFileReference; lastKnownFileType = sourcecode.swift; path = NetworkNotificationViewController.swift; sourceTree = "<group>"; };
		8A274385295A85450035BEA7 /* LocalLibraryGroupViewController.swift */ = {isa = PBXFileReference; lastKnownFileType = sourcecode.swift; path = LocalLibraryGroupViewController.swift; sourceTree = "<group>"; };
		8A41E6BF2952B0D50033B865 /* cJSON.h */ = {isa = PBXFileReference; fileEncoding = 4; lastKnownFileType = sourcecode.c.h; path = cJSON.h; sourceTree = "<group>"; };
		8A41E6C02952B0D50033B865 /* cJSON.c */ = {isa = PBXFileReference; fileEncoding = 4; lastKnownFileType = sourcecode.c.c; path = cJSON.c; sourceTree = "<group>"; };
		8A424BD2296FDF6F00BAF4F3 /* ZIPFoundation-development */ = {isa = PBXFileReference; lastKnownFileType = wrapper; name = "ZIPFoundation-development"; path = "Alice/3tdParty/ZIPFoundation-development"; sourceTree = "<group>"; };
		8A4B14C829C06A4E0039FBCC /* PrivacyPolicyViewController.swift */ = {isa = PBXFileReference; lastKnownFileType = sourcecode.swift; path = PrivacyPolicyViewController.swift; sourceTree = "<group>"; };
		8A4B14CA29C06A9A0039FBCC /* TermsAndConditionsViewController.swift */ = {isa = PBXFileReference; lastKnownFileType = sourcecode.swift; path = TermsAndConditionsViewController.swift; sourceTree = "<group>"; };
		8A4F084D29B57EA9001EABB9 /* PhotoPortraitView.swift */ = {isa = PBXFileReference; lastKnownFileType = sourcecode.swift; path = PhotoPortraitView.swift; sourceTree = "<group>"; };
		8A4F084F29B57EEE001EABB9 /* ColorWheelPortraitView.swift */ = {isa = PBXFileReference; lastKnownFileType = sourcecode.swift; path = ColorWheelPortraitView.swift; sourceTree = "<group>"; };
		8A4F085229B5B4F7001EABB9 /* Analogous.swift */ = {isa = PBXFileReference; lastKnownFileType = sourcecode.swift; path = Analogous.swift; sourceTree = "<group>"; };
		8A4F085429B5B8FC001EABB9 /* Monochromatic.swift */ = {isa = PBXFileReference; lastKnownFileType = sourcecode.swift; path = Monochromatic.swift; sourceTree = "<group>"; };
		8A4F085629B5B90B001EABB9 /* Triad.swift */ = {isa = PBXFileReference; lastKnownFileType = sourcecode.swift; path = Triad.swift; sourceTree = "<group>"; };
		8A4F085829B5B91C001EABB9 /* Complementary.swift */ = {isa = PBXFileReference; lastKnownFileType = sourcecode.swift; path = Complementary.swift; sourceTree = "<group>"; };
		8A4F085A29B5B926001EABB9 /* Square.swift */ = {isa = PBXFileReference; lastKnownFileType = sourcecode.swift; path = Square.swift; sourceTree = "<group>"; };
		8A4F085C29B5B93B001EABB9 /* SplitComplementary.swift */ = {isa = PBXFileReference; lastKnownFileType = sourcecode.swift; path = SplitComplementary.swift; sourceTree = "<group>"; };
		8A4F085E29B5B947001EABB9 /* Custom.swift */ = {isa = PBXFileReference; lastKnownFileType = sourcecode.swift; path = Custom.swift; sourceTree = "<group>"; };
		8A4F086029B5BAF3001EABB9 /* ComposeModel.swift */ = {isa = PBXFileReference; lastKnownFileType = sourcecode.swift; path = ComposeModel.swift; sourceTree = "<group>"; };
		8A5400ED295BE4F5000A5934 /* PortraitViewController.swift */ = {isa = PBXFileReference; fileEncoding = 4; lastKnownFileType = sourcecode.swift; path = PortraitViewController.swift; sourceTree = "<group>"; };
		8A5A707229A6F3110030F7FB /* ColorSchemeInfoSingleLineView.swift */ = {isa = PBXFileReference; fileEncoding = 4; lastKnownFileType = sourcecode.swift; path = ColorSchemeInfoSingleLineView.swift; sourceTree = "<group>"; };
		8A5A709029A700D90030F7FB /* en */ = {isa = PBXFileReference; lastKnownFileType = text.plist.strings; name = en; path = en.lproj/Main.strings; sourceTree = "<group>"; };
		8A5A70C729A70D9A0030F7FB /* en */ = {isa = PBXFileReference; lastKnownFileType = text.plist.strings; name = en; path = en.lproj/Localizable.strings; sourceTree = "<group>"; };
		8A5A70CD29A70DFE0030F7FB /* en */ = {isa = PBXFileReference; lastKnownFileType = text.plist.strings; name = en; path = en.lproj/LaunchScreen.strings; sourceTree = "<group>"; };
		8A5A70D029A70E790030F7FB /* zh-Hans */ = {isa = PBXFileReference; lastKnownFileType = text.plist.strings; name = "zh-Hans"; path = "zh-Hans.lproj/Main.strings"; sourceTree = "<group>"; };
		8A5A70D129A70E790030F7FB /* zh-Hans */ = {isa = PBXFileReference; lastKnownFileType = text.plist.strings; name = "zh-Hans"; path = "zh-Hans.lproj/LaunchScreen.strings"; sourceTree = "<group>"; };
		8A5A70D329A70E810030F7FB /* zh-Hant */ = {isa = PBXFileReference; lastKnownFileType = text.plist.strings; name = "zh-Hant"; path = "zh-Hant.lproj/Main.strings"; sourceTree = "<group>"; };
		8A5A70D429A70E810030F7FB /* zh-Hant */ = {isa = PBXFileReference; lastKnownFileType = text.plist.strings; name = "zh-Hant"; path = "zh-Hant.lproj/LaunchScreen.strings"; sourceTree = "<group>"; };
		8A5A70ED29A761390030F7FB /* zh-Hans */ = {isa = PBXFileReference; lastKnownFileType = text.plist.strings; name = "zh-Hans"; path = "zh-Hans.lproj/Localizable.strings"; sourceTree = "<group>"; };
		8A5A70EE29A7613B0030F7FB /* zh-Hant */ = {isa = PBXFileReference; lastKnownFileType = text.plist.strings; name = "zh-Hant"; path = "zh-Hant.lproj/Localizable.strings"; sourceTree = "<group>"; };
		8A5E73442966BAFD00994824 /* LinkPresentation.framework */ = {isa = PBXFileReference; lastKnownFileType = wrapper.framework; name = LinkPresentation.framework; path = System/Library/Frameworks/LinkPresentation.framework; sourceTree = SDKROOT; };
		8A5FAA6E291DE4E400FDFF76 /* ColorWheelView.swift */ = {isa = PBXFileReference; lastKnownFileType = sourcecode.swift; path = ColorWheelView.swift; sourceTree = "<group>"; };
		8A5FAA70291E37C300FDFF76 /* TabBarController.swift */ = {isa = PBXFileReference; lastKnownFileType = sourcecode.swift; path = TabBarController.swift; sourceTree = "<group>"; };
		8A606C0829C008FC00844B4F /* AppStore.swift */ = {isa = PBXFileReference; lastKnownFileType = sourcecode.swift; path = AppStore.swift; sourceTree = "<group>"; };
		8A6112842967A5830038D322 /* SchemeDiagramViewController.swift */ = {isa = PBXFileReference; lastKnownFileType = sourcecode.swift; path = SchemeDiagramViewController.swift; sourceTree = "<group>"; };
		8A68E248299DB93E00692BFE /* Alice+UIView.swift */ = {isa = PBXFileReference; lastKnownFileType = sourcecode.swift; path = "Alice+UIView.swift"; sourceTree = "<group>"; };
		8A68E24A299DB96200692BFE /* Alice+UIImage.swift */ = {isa = PBXFileReference; lastKnownFileType = sourcecode.swift; path = "Alice+UIImage.swift"; sourceTree = "<group>"; };
		8A68E24C299DB98700692BFE /* Alice+UIColor.swift */ = {isa = PBXFileReference; lastKnownFileType = sourcecode.swift; path = "Alice+UIColor.swift"; sourceTree = "<group>"; };
		8A6A43A2291A374300603EB1 /* DominantColor.h */ = {isa = PBXFileReference; lastKnownFileType = sourcecode.c.h; path = DominantColor.h; sourceTree = "<group>"; };
		8A6A43A3291A374300603EB1 /* DominantColor.cpp */ = {isa = PBXFileReference; lastKnownFileType = sourcecode.cpp.cpp; path = DominantColor.cpp; sourceTree = "<group>"; };
		8A86DFF9297B6FF800329118 /* ColorSchemeGenerator.swift */ = {isa = PBXFileReference; lastKnownFileType = sourcecode.swift; path = ColorSchemeGenerator.swift; sourceTree = "<group>"; };
		8A895FDB29A5AD9600B667DA /* ColorSchemePortrait.swift */ = {isa = PBXFileReference; lastKnownFileType = sourcecode.swift; path = ColorSchemePortrait.swift; sourceTree = "<group>"; };
		8A944E262970E6DE000449BE /* ColorPaletteCodable-main */ = {isa = PBXFileReference; lastKnownFileType = wrapper; name = "ColorPaletteCodable-main"; path = "Alice/3tdParty/ColorPaletteCodable-main"; sourceTree = "<group>"; };
		8A973299297912B700CF88C6 /* NavigationController.swift */ = {isa = PBXFileReference; lastKnownFileType = sourcecode.swift; path = NavigationController.swift; sourceTree = "<group>"; };
		8AA6EA19294FF78C00E6DC5D /* LocalLibrary.swift */ = {isa = PBXFileReference; lastKnownFileType = sourcecode.swift; path = LocalLibrary.swift; sourceTree = "<group>"; };
		8AA6EA1B294FF95E00E6DC5D /* Snapshoot.swift */ = {isa = PBXFileReference; lastKnownFileType = sourcecode.swift; path = Snapshoot.swift; sourceTree = "<group>"; };
		8AAC9C422918D9CF004680B6 /* Alice.app */ = {isa = PBXFileReference; explicitFileType = wrapper.application; includeInIndex = 0; path = Alice.app; sourceTree = BUILT_PRODUCTS_DIR; };
		8AAC9C452918D9CF004680B6 /* AppDelegate.swift */ = {isa = PBXFileReference; lastKnownFileType = sourcecode.swift; path = AppDelegate.swift; sourceTree = "<group>"; };
		8AAC9C472918D9CF004680B6 /* SceneDelegate.swift */ = {isa = PBXFileReference; lastKnownFileType = sourcecode.swift; path = SceneDelegate.swift; sourceTree = "<group>"; };
		8AAC9C492918D9CF004680B6 /* InspirationViewController.swift */ = {isa = PBXFileReference; lastKnownFileType = sourcecode.swift; path = InspirationViewController.swift; sourceTree = "<group>"; };
		8AAC9C4C2918D9CF004680B6 /* Base */ = {isa = PBXFileReference; lastKnownFileType = file.storyboard; name = Base; path = Base.lproj/Main.storyboard; sourceTree = "<group>"; };
		8AAC9C4E2918D9D0004680B6 /* Assets.xcassets */ = {isa = PBXFileReference; lastKnownFileType = folder.assetcatalog; path = Assets.xcassets; sourceTree = "<group>"; };
		8AAC9C512918D9D0004680B6 /* Base */ = {isa = PBXFileReference; lastKnownFileType = file.storyboard; name = Base; path = Base.lproj/LaunchScreen.storyboard; sourceTree = "<group>"; };
		8AAC9C532918D9D0004680B6 /* Info.plist */ = {isa = PBXFileReference; lastKnownFileType = text.plist.xml; path = Info.plist; sourceTree = "<group>"; };
		8AAC9C592918DD84004680B6 /* DiscoverViewController.swift */ = {isa = PBXFileReference; lastKnownFileType = sourcecode.swift; path = DiscoverViewController.swift; sourceTree = "<group>"; };
		8AAC9C5B2918F056004680B6 /* ColorSampleViewController.swift */ = {isa = PBXFileReference; lastKnownFileType = sourcecode.swift; path = ColorSampleViewController.swift; sourceTree = "<group>"; };
		8AAC9C5D2918FB13004680B6 /* ColorSampler.swift */ = {isa = PBXFileReference; lastKnownFileType = sourcecode.swift; path = ColorSampler.swift; sourceTree = "<group>"; };
		8AAC9C5F2918FF64004680B6 /* Alice-Bridging-Header.h */ = {isa = PBXFileReference; lastKnownFileType = sourcecode.c.h; path = "Alice-Bridging-Header.h"; sourceTree = "<group>"; };
		8AB35AAD29D134DF0064C11B /* icon-app-launch@3x.png */ = {isa = PBXFileReference; lastKnownFileType = image.png; name = "icon-app-launch@3x.png"; path = "Resource/Icon/icon-app-launch@3x.png"; sourceTree = "<group>"; };
		8AB35AB129D138460064C11B /* Illustration.xcassets */ = {isa = PBXFileReference; lastKnownFileType = folder.assetcatalog; path = Illustration.xcassets; sourceTree = "<group>"; };
		8AB35AB329D17BD50064C11B /* Settings.swift */ = {isa = PBXFileReference; lastKnownFileType = sourcecode.swift; path = Settings.swift; sourceTree = "<group>"; };
		8AB3B95629655CDB00780538 /* ColorFunction.swift */ = {isa = PBXFileReference; lastKnownFileType = sourcecode.swift; path = ColorFunction.swift; sourceTree = "<group>"; };
		8ABB197C296D0D7900B46462 /* NotificationView.swift */ = {isa = PBXFileReference; lastKnownFileType = sourcecode.swift; path = NotificationView.swift; sourceTree = "<group>"; };
		8ABFBB3629557BE100C0D9A4 /* LocalLibraryViewController.swift */ = {isa = PBXFileReference; lastKnownFileType = sourcecode.swift; path = LocalLibraryViewController.swift; sourceTree = "<group>"; };
		8AC73A982992386F00BFF0C7 /* SubscribeViewController.swift */ = {isa = PBXFileReference; lastKnownFileType = sourcecode.swift; path = SubscribeViewController.swift; sourceTree = "<group>"; };
		8AC73A9A299238C000BFF0C7 /* ManualViewController.swift */ = {isa = PBXFileReference; lastKnownFileType = sourcecode.swift; path = ManualViewController.swift; sourceTree = "<group>"; };
		8AC73A9C2992390900BFF0C7 /* AboutViewController.swift */ = {isa = PBXFileReference; lastKnownFileType = sourcecode.swift; path = AboutViewController.swift; sourceTree = "<group>"; };
		8ACA187329BB028B0035F872 /* Sample */ = {isa = PBXFileReference; lastKnownFileType = folder; name = Sample; path = Alice/Resource/Sample; sourceTree = "<group>"; };
		8AD5E6B6292F61E200A6F1CA /* SchemeTableViewController.swift */ = {isa = PBXFileReference; lastKnownFileType = sourcecode.swift; path = SchemeTableViewController.swift; sourceTree = "<group>"; };
		8AFDB96F297534EC00970C0B /* ColorComposer.swift */ = {isa = PBXFileReference; lastKnownFileType = sourcecode.swift; path = ColorComposer.swift; sourceTree = "<group>"; };
/* End PBXFileReference section */

/* Begin PBXFrameworksBuildPhase section */
		8AAC9C3F2918D9CF004680B6 /* Frameworks */ = {
			isa = PBXFrameworksBuildPhase;
			buildActionMask = 2147483647;
			files = (
				8A944E282970E735000449BE /* ColorPaletteCodable in Frameworks */,
				8A5E73452966BAFD00994824 /* LinkPresentation.framework in Frameworks */,
				8A991A9E296FE0BA000D2F37 /* ZIPFoundation in Frameworks */,
			);
			runOnlyForDeploymentPostprocessing = 0;
		};
/* End PBXFrameworksBuildPhase section */

/* Begin PBXGroup section */
		26E7C3952920BBC50068D56C /* ColorSample */ = {
			isa = PBXGroup;
			children = (
				8AAC9C5D2918FB13004680B6 /* ColorSampler.swift */,
				8AAC9C5B2918F056004680B6 /* ColorSampleViewController.swift */,
				8A145A9A291CED8B001DA76C /* SampleRegionView.swift */,
				2606651C29287A000020938F /* SampleMoveOperationViewController.swift */,
				2606651E292881080020938F /* SampleScaleOperationViewController.swift */,
				260665202928834F0020938F /* SampleSchemeOperationViewController.swift */,
				8A4F084D29B57EA9001EABB9 /* PhotoPortraitView.swift */,
			);
			path = ColorSample;
			sourceTree = "<group>";
		};
		26E7C3962920BBD80068D56C /* ColorCompose */ = {
			isa = PBXGroup;
			children = (
				8A4F085129B5B499001EABB9 /* ComposeModel */,
				8AFDB96F297534EC00970C0B /* ColorComposer.swift */,
				2641D763291D27F50073AF6C /* ColorComposeViewController.swift */,
				8A5FAA6E291DE4E400FDFF76 /* ColorWheelView.swift */,
				8A4F084F29B57EEE001EABB9 /* ColorWheelPortraitView.swift */,
			);
			path = ColorCompose;
			sourceTree = "<group>";
		};
		8A19DD592959333E0058CE39 /* LocalLibrary */ = {
			isa = PBXGroup;
			children = (
				8AA6EA19294FF78C00E6DC5D /* LocalLibrary.swift */,
				8AA6EA1B294FF95E00E6DC5D /* Snapshoot.swift */,
				8ABFBB3629557BE100C0D9A4 /* LocalLibraryViewController.swift */,
				8A274385295A85450035BEA7 /* LocalLibraryGroupViewController.swift */,
				2662D11B294C6672003C0965 /* LocalLibraryItemViewCell.swift */,
				8A19DD5A295990B00058CE39 /* LocalLibraryItemDetailViewCell.swift */,
			);
			path = LocalLibrary;
			sourceTree = "<group>";
		};
		8A424BD1296FDF6F00BAF4F3 /* Packages */ = {
			isa = PBXGroup;
			children = (
				8A424BD2296FDF6F00BAF4F3 /* ZIPFoundation-development */,
				8A944E262970E6DE000449BE /* ColorPaletteCodable-main */,
			);
			name = Packages;
			sourceTree = "<group>";
		};
		8A4F085129B5B499001EABB9 /* ComposeModel */ = {
			isa = PBXGroup;
			children = (
				8A4F086029B5BAF3001EABB9 /* ComposeModel.swift */,
				8A4F085229B5B4F7001EABB9 /* Analogous.swift */,
				8A4F085429B5B8FC001EABB9 /* Monochromatic.swift */,
				8A4F085629B5B90B001EABB9 /* Triad.swift */,
				8A4F085829B5B91C001EABB9 /* Complementary.swift */,
				8A4F085A29B5B926001EABB9 /* Square.swift */,
				8A4F085C29B5B93B001EABB9 /* SplitComplementary.swift */,
				8A4F085E29B5B947001EABB9 /* Custom.swift */,
			);
			path = ComposeModel;
			sourceTree = "<group>";
		};
		8A5E73432966BAFD00994824 /* Frameworks */ = {
			isa = PBXGroup;
			children = (
				8A5E73442966BAFD00994824 /* LinkPresentation.framework */,
			);
			name = Frameworks;
			sourceTree = "<group>";
		};
		8A68C5B72992362900339F3E /* Subscribe */ = {
			isa = PBXGroup;
			children = (
				8AC73A982992386F00BFF0C7 /* SubscribeViewController.swift */,
				8A15B78229C2AE1900426233 /* StorePaymentProductTableViewCell.swift */,
				8A15B78429C2BA7B00426233 /* ProductView.swift */,
			);
			path = Subscribe;
			sourceTree = "<group>";
		};
		8A68C5B82992363F00339F3E /* Manual */ = {
			isa = PBXGroup;
			children = (
				8AC73A9A299238C000BFF0C7 /* ManualViewController.swift */,
			);
			path = Manual;
			sourceTree = "<group>";
		};
		8A68C5B92992365100339F3E /* About */ = {
			isa = PBXGroup;
			children = (
				8AC73A9C2992390900BFF0C7 /* AboutViewController.swift */,
				8A4B14C829C06A4E0039FBCC /* PrivacyPolicyViewController.swift */,
				8A4B14CA29C06A9A0039FBCC /* TermsAndConditionsViewController.swift */,
			);
			path = About;
			sourceTree = "<group>";
		};
		8AAC9C392918D9CF004680B6 = {
			isa = PBXGroup;
			children = (
				8ACA187329BB028B0035F872 /* Sample */,
				8A5A70C829A70D9A0030F7FB /* Localizable.strings */,
				8A424BD1296FDF6F00BAF4F3 /* Packages */,
				8AAC9C442918D9CF004680B6 /* Alice */,
				8AAC9C432918D9CF004680B6 /* Products */,
				8A5E73432966BAFD00994824 /* Frameworks */,
			);
			sourceTree = "<group>";
		};
		8AAC9C432918D9CF004680B6 /* Products */ = {
			isa = PBXGroup;
			children = (
				8AAC9C422918D9CF004680B6 /* Alice.app */,
			);
			name = Products;
			sourceTree = "<group>";
		};
		8AAC9C442918D9CF004680B6 /* Alice */ = {
			isa = PBXGroup;
			children = (
				8AB35AAD29D134DF0064C11B /* icon-app-launch@3x.png */,
				8AAC9C452918D9CF004680B6 /* AppDelegate.swift */,
				8AB35AB329D17BD50064C11B /* Settings.swift */,
				8AAC9C472918D9CF004680B6 /* SceneDelegate.swift */,
				2668B2C029D06974000C49F5 /* NetworkReachability.swift */,
				8A1E612C29D11FA700EB81E6 /* NetworkNotificationViewController.swift */,
				8A606C0829C008FC00844B4F /* AppStore.swift */,
				8A0A314729A31DA1002AD223 /* International.swift */,
				8A68E248299DB93E00692BFE /* Alice+UIView.swift */,
				8A68E24A299DB96200692BFE /* Alice+UIImage.swift */,
				8A68E24C299DB98700692BFE /* Alice+UIColor.swift */,
				8A86DFF9297B6FF800329118 /* ColorSchemeGenerator.swift */,
				8A5FAA70291E37C300FDFF76 /* TabBarController.swift */,
				8A973299297912B700CF88C6 /* NavigationController.swift */,
				8AAC9C492918D9CF004680B6 /* InspirationViewController.swift */,
				8AAC9C592918DD84004680B6 /* DiscoverViewController.swift */,
				8A145A98291CC9DA001DA76C /* MeViewController.swift */,
				8ABB197C296D0D7900B46462 /* NotificationView.swift */,
				8AB3B95629655CDB00780538 /* ColorFunction.swift */,
				8A06F71A295D647E00F8FEB4 /* SchemeTableViewCell.swift */,
				8AD5E6B6292F61E200A6F1CA /* SchemeTableViewController.swift */,
				8A5400ED295BE4F5000A5934 /* PortraitViewController.swift */,
				8A6112842967A5830038D322 /* SchemeDiagramViewController.swift */,
				26E7C3992920CB920068D56C /* ColorSchemeView.swift */,
				8A5A707229A6F3110030F7FB /* ColorSchemeInfoSingleLineView.swift */,
				8A895FDB29A5AD9600B667DA /* ColorSchemePortrait.swift */,
				8A19DD592959333E0058CE39 /* LocalLibrary */,
				26E7C3952920BBC50068D56C /* ColorSample */,
				26E7C3962920BBD80068D56C /* ColorCompose */,
				8A68C5B72992362900339F3E /* Subscribe */,
				8A68C5B82992363F00339F3E /* Manual */,
				8A68C5B92992365100339F3E /* About */,
				8A6A43A2291A374300603EB1 /* DominantColor.h */,
				8A6A43A3291A374300603EB1 /* DominantColor.cpp */,
				2634C12F291A764A00ED4D62 /* dkm_parallel.hpp */,
				2634C130291A764A00ED4D62 /* dkm_utils.hpp */,
				2634C131291A764A00ED4D62 /* dkm.hpp */,
				8A41E6C02952B0D50033B865 /* cJSON.c */,
				8A41E6BF2952B0D50033B865 /* cJSON.h */,
				8AAC9C5F2918FF64004680B6 /* Alice-Bridging-Header.h */,
				8AB35AB129D138460064C11B /* Illustration.xcassets */,
				8AAC9C4E2918D9D0004680B6 /* Assets.xcassets */,
				8AAC9C532918D9D0004680B6 /* Info.plist */,
				8AAC9C4B2918D9CF004680B6 /* Main.storyboard */,
				8AAC9C502918D9D0004680B6 /* LaunchScreen.storyboard */,
			);
			path = Alice;
			sourceTree = "<group>";
		};
/* End PBXGroup section */

/* Begin PBXNativeTarget section */
		8AAC9C412918D9CF004680B6 /* Alice */ = {
			isa = PBXNativeTarget;
			buildConfigurationList = 8AAC9C562918D9D0004680B6 /* Build configuration list for PBXNativeTarget "Alice" */;
			buildPhases = (
				8AAC9C3E2918D9CF004680B6 /* Sources */,
				8AAC9C3F2918D9CF004680B6 /* Frameworks */,
				8AAC9C402918D9CF004680B6 /* Resources */,
				8AA535B629B1C087005308A2 /* ShellScript */,
			);
			buildRules = (
			);
			dependencies = (
			);
			name = Alice;
			packageProductDependencies = (
				8A991A9D296FE0BA000D2F37 /* ZIPFoundation */,
				8A944E272970E735000449BE /* ColorPaletteCodable */,
			);
			productName = Alice;
			productReference = 8AAC9C422918D9CF004680B6 /* Alice.app */;
			productType = "com.apple.product-type.application";
		};
/* End PBXNativeTarget section */

/* Begin PBXProject section */
		8AAC9C3A2918D9CF004680B6 /* Project object */ = {
			isa = PBXProject;
			attributes = {
				BuildIndependentTargetsInParallel = 1;
				LastSwiftUpdateCheck = 1410;
				LastUpgradeCheck = 1410;
				TargetAttributes = {
					8AAC9C412918D9CF004680B6 = {
						CreatedOnToolsVersion = 14.1;
						LastSwiftMigration = 1410;
					};
				};
			};
			buildConfigurationList = 8AAC9C3D2918D9CF004680B6 /* Build configuration list for PBXProject "Alice" */;
			compatibilityVersion = "Xcode 14.0";
			developmentRegion = en;
			hasScannedForEncodings = 0;
			knownRegions = (
				en,
				Base,
				"zh-Hans",
				"zh-Hant",
			);
			mainGroup = 8AAC9C392918D9CF004680B6;
			productRefGroup = 8AAC9C432918D9CF004680B6 /* Products */;
			projectDirPath = "";
			projectRoot = "";
			targets = (
				8AAC9C412918D9CF004680B6 /* Alice */,
			);
		};
/* End PBXProject section */

/* Begin PBXResourcesBuildPhase section */
		8AAC9C402918D9CF004680B6 /* Resources */ = {
			isa = PBXResourcesBuildPhase;
			buildActionMask = 2147483647;
			files = (
				8AB35AB229D138460064C11B /* Illustration.xcassets in Resources */,
				8ACA187529BB028B0035F872 /* Sample in Resources */,
				8A5A70C629A70D9A0030F7FB /* Localizable.strings in Resources */,
				8AAC9C522918D9D0004680B6 /* LaunchScreen.storyboard in Resources */,
				8AAC9C4F2918D9D0004680B6 /* Assets.xcassets in Resources */,
				8AB35AAE29D134DF0064C11B /* icon-app-launch@3x.png in Resources */,
				8AAC9C4D2918D9CF004680B6 /* Main.storyboard in Resources */,
			);
			runOnlyForDeploymentPostprocessing = 0;
		};
/* End PBXResourcesBuildPhase section */

/* Begin PBXShellScriptBuildPhase section */
		8AA535B629B1C087005308A2 /* ShellScript */ = {
			isa = PBXShellScriptBuildPhase;
			buildActionMask = 2147483647;
			files = (
			);
			inputFileListPaths = (
			);
			inputPaths = (
			);
			outputFileListPaths = (
			);
			outputPaths = (
			);
			runOnlyForDeploymentPostprocessing = 0;
			shellPath = /bin/sh;
			shellScript = "#!/bin/sh\nyear=$(date +\"%Y\")\ncopyright=\"Copyright © $year Yidian Technology Co., Ltd.\\nAll Rights Reserved\"\n/usr/libexec/PlistBuddy -c \"Set :NSHumanReadableCopyright $copyright\" \"${PROJECT_DIR}/${INFOPLIST_FILE}\"\n";
		};
/* End PBXShellScriptBuildPhase section */

/* Begin PBXSourcesBuildPhase section */
		8AAC9C3E2918D9CF004680B6 /* Sources */ = {
			isa = PBXSourcesBuildPhase;
			buildActionMask = 2147483647;
			files = (
				8A4F084E29B57EA9001EABB9 /* PhotoPortraitView.swift in Sources */,
				2606651D29287A000020938F /* SampleMoveOperationViewController.swift in Sources */,
				8A15B78329C2AE1900426233 /* StorePaymentProductTableViewCell.swift in Sources */,
				260665212928834F0020938F /* SampleSchemeOperationViewController.swift in Sources */,
				2606651F292881080020938F /* SampleScaleOperationViewController.swift in Sources */,
				8A19DD5B295990B00058CE39 /* LocalLibraryItemDetailViewCell.swift in Sources */,
				8A5FAA6F291DE4E400FDFF76 /* ColorWheelView.swift in Sources */,
				8A145A9B291CED8B001DA76C /* SampleRegionView.swift in Sources */,
				8A68E249299DB93E00692BFE /* Alice+UIView.swift in Sources */,
				8A606C0929C008FC00844B4F /* AppStore.swift in Sources */,
				8A86DFFA297B6FF800329118 /* ColorSchemeGenerator.swift in Sources */,
				8A68E24B299DB96200692BFE /* Alice+UIImage.swift in Sources */,
				8A4B14CB29C06A9A0039FBCC /* TermsAndConditionsViewController.swift in Sources */,
				8A4F085B29B5B926001EABB9 /* Square.swift in Sources */,
				8A145A99291CC9DA001DA76C /* MeViewController.swift in Sources */,
				8A5A707329A6F3110030F7FB /* ColorSchemeInfoSingleLineView.swift in Sources */,
				8A4F085D29B5B93B001EABB9 /* SplitComplementary.swift in Sources */,
				8A0A314829A31DA1002AD223 /* International.swift in Sources */,
				8AC73A992992386F00BFF0C7 /* SubscribeViewController.swift in Sources */,
				8A4F086129B5BAF3001EABB9 /* ComposeModel.swift in Sources */,
				8A4F085929B5B91C001EABB9 /* Complementary.swift in Sources */,
				8A6A43A4291A374300603EB1 /* DominantColor.cpp in Sources */,
				8A4F085029B57EEE001EABB9 /* ColorWheelPortraitView.swift in Sources */,
				8AAC9C4A2918D9CF004680B6 /* InspirationViewController.swift in Sources */,
				8AA6EA1C294FF95E00E6DC5D /* Snapshoot.swift in Sources */,
				8AC73A9B299238C000BFF0C7 /* ManualViewController.swift in Sources */,
				8A1E612D29D11FA700EB81E6 /* NetworkNotificationViewController.swift in Sources */,
				2668B2C129D06974000C49F5 /* NetworkReachability.swift in Sources */,
				8A97329A297912B700CF88C6 /* NavigationController.swift in Sources */,
				8A41E6C12952B0D50033B865 /* cJSON.c in Sources */,
				8AB35AB429D17BD50064C11B /* Settings.swift in Sources */,
				8AFDB970297534EC00970C0B /* ColorComposer.swift in Sources */,
				8ABB197D296D0D7900B46462 /* NotificationView.swift in Sources */,
				8A06F71B295D647E00F8FEB4 /* SchemeTableViewCell.swift in Sources */,
				8A6112852967A5830038D322 /* SchemeDiagramViewController.swift in Sources */,
				8A15B78529C2BA7B00426233 /* ProductView.swift in Sources */,
				8AAC9C462918D9CF004680B6 /* AppDelegate.swift in Sources */,
				8A5400EE295BE4F5000A5934 /* PortraitViewController.swift in Sources */,
				8AB3B95729655CDB00780538 /* ColorFunction.swift in Sources */,
				8A895FDC29A5AD9600B667DA /* ColorSchemePortrait.swift in Sources */,
				8AAC9C5C2918F056004680B6 /* ColorSampleViewController.swift in Sources */,
				8AAC9C5A2918DD84004680B6 /* DiscoverViewController.swift in Sources */,
				8A5FAA71291E37C300FDFF76 /* TabBarController.swift in Sources */,
				8AC73A9D2992390900BFF0C7 /* AboutViewController.swift in Sources */,
				8ABFBB3729557BE100C0D9A4 /* LocalLibraryViewController.swift in Sources */,
				8AAC9C482918D9CF004680B6 /* SceneDelegate.swift in Sources */,
				2662D11C294C6672003C0965 /* LocalLibraryItemViewCell.swift in Sources */,
				8AAC9C5E2918FB13004680B6 /* ColorSampler.swift in Sources */,
				8A4F085729B5B90B001EABB9 /* Triad.swift in Sources */,
				8A274386295A85450035BEA7 /* LocalLibraryGroupViewController.swift in Sources */,
				8A4F085329B5B4F7001EABB9 /* Analogous.swift in Sources */,
				8A68E24D299DB98700692BFE /* Alice+UIColor.swift in Sources */,
				2641D764291D27F50073AF6C /* ColorComposeViewController.swift in Sources */,
				8AA6EA1A294FF78C00E6DC5D /* LocalLibrary.swift in Sources */,
				8AD5E6B7292F61E200A6F1CA /* SchemeTableViewController.swift in Sources */,
				26E7C39A2920CB920068D56C /* ColorSchemeView.swift in Sources */,
				8A4B14C929C06A4E0039FBCC /* PrivacyPolicyViewController.swift in Sources */,
				8A4F085529B5B8FC001EABB9 /* Monochromatic.swift in Sources */,
				8A4F085F29B5B947001EABB9 /* Custom.swift in Sources */,
			);
			runOnlyForDeploymentPostprocessing = 0;
		};
/* End PBXSourcesBuildPhase section */

/* Begin PBXVariantGroup section */
		8A5A70C829A70D9A0030F7FB /* Localizable.strings */ = {
			isa = PBXVariantGroup;
			children = (
				8A5A70C729A70D9A0030F7FB /* en */,
				8A5A70ED29A761390030F7FB /* zh-Hans */,
				8A5A70EE29A7613B0030F7FB /* zh-Hant */,
			);
			name = Localizable.strings;
			path = Alice;
			sourceTree = "<group>";
		};
		8AAC9C4B2918D9CF004680B6 /* Main.storyboard */ = {
			isa = PBXVariantGroup;
			children = (
				8AAC9C4C2918D9CF004680B6 /* Base */,
				8A5A709029A700D90030F7FB /* en */,
				8A5A70D029A70E790030F7FB /* zh-Hans */,
				8A5A70D329A70E810030F7FB /* zh-Hant */,
			);
			name = Main.storyboard;
			sourceTree = "<group>";
			usesTabs = 0;
		};
		8AAC9C502918D9D0004680B6 /* LaunchScreen.storyboard */ = {
			isa = PBXVariantGroup;
			children = (
				8AAC9C512918D9D0004680B6 /* Base */,
				8A5A70CD29A70DFE0030F7FB /* en */,
				8A5A70D129A70E790030F7FB /* zh-Hans */,
				8A5A70D429A70E810030F7FB /* zh-Hant */,
			);
			name = LaunchScreen.storyboard;
			sourceTree = "<group>";
		};
/* End PBXVariantGroup section */

/* Begin XCBuildConfiguration section */
		8AAC9C542918D9D0004680B6 /* Debug */ = {
			isa = XCBuildConfiguration;
			buildSettings = {
				ALWAYS_SEARCH_USER_PATHS = NO;
				CLANG_ANALYZER_LOCALIZABILITY_NONLOCALIZED = YES;
				CLANG_ANALYZER_NONNULL = YES;
				CLANG_ANALYZER_NUMBER_OBJECT_CONVERSION = YES_AGGRESSIVE;
				CLANG_CXX_LANGUAGE_STANDARD = "gnu++20";
				CLANG_ENABLE_MODULES = YES;
				CLANG_ENABLE_OBJC_ARC = YES;
				CLANG_ENABLE_OBJC_WEAK = YES;
				CLANG_WARN_BLOCK_CAPTURE_AUTORELEASING = YES;
				CLANG_WARN_BOOL_CONVERSION = YES;
				CLANG_WARN_COMMA = YES;
				CLANG_WARN_CONSTANT_CONVERSION = YES;
				CLANG_WARN_DEPRECATED_OBJC_IMPLEMENTATIONS = YES;
				CLANG_WARN_DIRECT_OBJC_ISA_USAGE = YES_ERROR;
				CLANG_WARN_DOCUMENTATION_COMMENTS = YES;
				CLANG_WARN_EMPTY_BODY = YES;
				CLANG_WARN_ENUM_CONVERSION = YES;
				CLANG_WARN_INFINITE_RECURSION = YES;
				CLANG_WARN_INT_CONVERSION = YES;
				CLANG_WARN_NON_LITERAL_NULL_CONVERSION = YES;
				CLANG_WARN_OBJC_IMPLICIT_RETAIN_SELF = YES;
				CLANG_WARN_OBJC_LITERAL_CONVERSION = YES;
				CLANG_WARN_OBJC_ROOT_CLASS = YES_ERROR;
				CLANG_WARN_QUOTED_INCLUDE_IN_FRAMEWORK_HEADER = YES;
				CLANG_WARN_RANGE_LOOP_ANALYSIS = YES;
				CLANG_WARN_STRICT_PROTOTYPES = YES;
				CLANG_WARN_SUSPICIOUS_MOVE = YES;
				CLANG_WARN_UNGUARDED_AVAILABILITY = YES_AGGRESSIVE;
				CLANG_WARN_UNREACHABLE_CODE = YES;
				CLANG_WARN__DUPLICATE_METHOD_MATCH = YES;
				COPY_PHASE_STRIP = NO;
				DEBUG_INFORMATION_FORMAT = dwarf;
				ENABLE_STRICT_OBJC_MSGSEND = YES;
				ENABLE_TESTABILITY = YES;
				GCC_C_LANGUAGE_STANDARD = gnu11;
				GCC_DYNAMIC_NO_PIC = NO;
				GCC_NO_COMMON_BLOCKS = YES;
				GCC_OPTIMIZATION_LEVEL = 0;
				GCC_PREPROCESSOR_DEFINITIONS = (
					"DEBUG=1",
					"$(inherited)",
				);
				GCC_WARN_64_TO_32_BIT_CONVERSION = YES;
				GCC_WARN_ABOUT_RETURN_TYPE = YES_ERROR;
				GCC_WARN_UNDECLARED_SELECTOR = YES;
				GCC_WARN_UNINITIALIZED_AUTOS = YES_AGGRESSIVE;
				GCC_WARN_UNUSED_FUNCTION = YES;
				GCC_WARN_UNUSED_VARIABLE = YES;
				IPHONEOS_DEPLOYMENT_TARGET = 16.1;
				MTL_ENABLE_DEBUG_INFO = INCLUDE_SOURCE;
				MTL_FAST_MATH = YES;
				ONLY_ACTIVE_ARCH = YES;
				SDKROOT = iphoneos;
				SWIFT_ACTIVE_COMPILATION_CONDITIONS = DEBUG;
				SWIFT_OPTIMIZATION_LEVEL = "-Onone";
			};
			name = Debug;
		};
		8AAC9C552918D9D0004680B6 /* Release */ = {
			isa = XCBuildConfiguration;
			buildSettings = {
				ALWAYS_SEARCH_USER_PATHS = NO;
				CLANG_ANALYZER_LOCALIZABILITY_NONLOCALIZED = YES;
				CLANG_ANALYZER_NONNULL = YES;
				CLANG_ANALYZER_NUMBER_OBJECT_CONVERSION = YES_AGGRESSIVE;
				CLANG_CXX_LANGUAGE_STANDARD = "gnu++20";
				CLANG_ENABLE_MODULES = YES;
				CLANG_ENABLE_OBJC_ARC = YES;
				CLANG_ENABLE_OBJC_WEAK = YES;
				CLANG_WARN_BLOCK_CAPTURE_AUTORELEASING = YES;
				CLANG_WARN_BOOL_CONVERSION = YES;
				CLANG_WARN_COMMA = YES;
				CLANG_WARN_CONSTANT_CONVERSION = YES;
				CLANG_WARN_DEPRECATED_OBJC_IMPLEMENTATIONS = YES;
				CLANG_WARN_DIRECT_OBJC_ISA_USAGE = YES_ERROR;
				CLANG_WARN_DOCUMENTATION_COMMENTS = YES;
				CLANG_WARN_EMPTY_BODY = YES;
				CLANG_WARN_ENUM_CONVERSION = YES;
				CLANG_WARN_INFINITE_RECURSION = YES;
				CLANG_WARN_INT_CONVERSION = YES;
				CLANG_WARN_NON_LITERAL_NULL_CONVERSION = YES;
				CLANG_WARN_OBJC_IMPLICIT_RETAIN_SELF = YES;
				CLANG_WARN_OBJC_LITERAL_CONVERSION = YES;
				CLANG_WARN_OBJC_ROOT_CLASS = YES_ERROR;
				CLANG_WARN_QUOTED_INCLUDE_IN_FRAMEWORK_HEADER = YES;
				CLANG_WARN_RANGE_LOOP_ANALYSIS = YES;
				CLANG_WARN_STRICT_PROTOTYPES = YES;
				CLANG_WARN_SUSPICIOUS_MOVE = YES;
				CLANG_WARN_UNGUARDED_AVAILABILITY = YES_AGGRESSIVE;
				CLANG_WARN_UNREACHABLE_CODE = YES;
				CLANG_WARN__DUPLICATE_METHOD_MATCH = YES;
				COPY_PHASE_STRIP = NO;
				DEBUG_INFORMATION_FORMAT = "dwarf-with-dsym";
				ENABLE_NS_ASSERTIONS = NO;
				ENABLE_STRICT_OBJC_MSGSEND = YES;
				GCC_C_LANGUAGE_STANDARD = gnu11;
				GCC_NO_COMMON_BLOCKS = YES;
				GCC_WARN_64_TO_32_BIT_CONVERSION = YES;
				GCC_WARN_ABOUT_RETURN_TYPE = YES_ERROR;
				GCC_WARN_UNDECLARED_SELECTOR = YES;
				GCC_WARN_UNINITIALIZED_AUTOS = YES_AGGRESSIVE;
				GCC_WARN_UNUSED_FUNCTION = YES;
				GCC_WARN_UNUSED_VARIABLE = YES;
				IPHONEOS_DEPLOYMENT_TARGET = 16.1;
				MTL_ENABLE_DEBUG_INFO = NO;
				MTL_FAST_MATH = YES;
				SDKROOT = iphoneos;
				SWIFT_COMPILATION_MODE = wholemodule;
				SWIFT_OPTIMIZATION_LEVEL = "-O";
				VALIDATE_PRODUCT = YES;
			};
			name = Release;
		};
		8AAC9C572918D9D0004680B6 /* Debug */ = {
			isa = XCBuildConfiguration;
			buildSettings = {
				ASSETCATALOG_COMPILER_APPICON_NAME = AppIcon;
				ASSETCATALOG_COMPILER_GLOBAL_ACCENT_COLOR_NAME = AccentColor;
				ASSETCATALOG_COMPILER_INCLUDE_ALL_APPICON_ASSETS = YES;
				CLANG_ENABLE_MODULES = YES;
				CODE_SIGN_STYLE = Automatic;
				CURRENT_PROJECT_VERSION = 5;
				DEVELOPMENT_TEAM = N77YA486UJ;
				GENERATE_INFOPLIST_FILE = YES;
				INFOPLIST_FILE = Alice/Info.plist;
				INFOPLIST_KEY_CFBundleDisplayName = Coloury;
				INFOPLIST_KEY_LSApplicationCategoryType = "public.app-category.photography";
				INFOPLIST_KEY_LSSupportsOpeningDocumentsInPlace = YES;
				INFOPLIST_KEY_NSHumanReadableCopyright = "Copyright © 2023 Yidian Technology Co., Ltd.\nAll Rights Reserved";
				INFOPLIST_KEY_NSLocalNetworkUsageDescription = "Verify Subscription Receipt Info";
				INFOPLIST_KEY_NSPhotoLibraryAddUsageDescription = "Save Image To Photo Library";
				INFOPLIST_KEY_UIApplicationSupportsIndirectInputEvents = YES;
				INFOPLIST_KEY_UILaunchStoryboardName = LaunchScreen.storyboard;
				INFOPLIST_KEY_UIMainStoryboardFile = Main;
				INFOPLIST_KEY_UIRequiresFullScreen = YES;
				INFOPLIST_KEY_UISupportedInterfaceOrientations = "UIInterfaceOrientationPortrait UIInterfaceOrientationPortraitUpsideDown";
				IPHONEOS_DEPLOYMENT_TARGET = 15.0;
				LD_RUNPATH_SEARCH_PATHS = (
					"$(inherited)",
					"@executable_path/Frameworks",
				);
				MARKETING_VERSION = 1.0;
				PRODUCT_BUNDLE_IDENTIFIER = com.lazycatdesign.Alice;
				PRODUCT_NAME = "$(TARGET_NAME)";
				SWIFT_EMIT_LOC_STRINGS = YES;
				SWIFT_OBJC_BRIDGING_HEADER = "Alice/Alice-Bridging-Header.h";
				SWIFT_OPTIMIZATION_LEVEL = "-Onone";
				SWIFT_VERSION = 5.0;
				TARGETED_DEVICE_FAMILY = "1,2";
			};
			name = Debug;
		};
		8AAC9C582918D9D0004680B6 /* Release */ = {
			isa = XCBuildConfiguration;
			buildSettings = {
				ASSETCATALOG_COMPILER_APPICON_NAME = AppIcon;
				ASSETCATALOG_COMPILER_GLOBAL_ACCENT_COLOR_NAME = AccentColor;
				ASSETCATALOG_COMPILER_INCLUDE_ALL_APPICON_ASSETS = YES;
				CLANG_ENABLE_MODULES = YES;
				CODE_SIGN_STYLE = Automatic;
				CURRENT_PROJECT_VERSION = 5;
				DEVELOPMENT_TEAM = N77YA486UJ;
				GENERATE_INFOPLIST_FILE = YES;
				INFOPLIST_FILE = Alice/Info.plist;
				INFOPLIST_KEY_CFBundleDisplayName = Coloury;
				INFOPLIST_KEY_LSApplicationCategoryType = "public.app-category.photography";
				INFOPLIST_KEY_LSSupportsOpeningDocumentsInPlace = YES;
				INFOPLIST_KEY_NSHumanReadableCopyright = "Copyright © 2023 Yidian Technology Co., Ltd.\nAll Rights Reserved";
				INFOPLIST_KEY_NSLocalNetworkUsageDescription = "Verify Subscription Receipt Info";
				INFOPLIST_KEY_NSPhotoLibraryAddUsageDescription = "Save Image To Photo Library";
				INFOPLIST_KEY_UIApplicationSupportsIndirectInputEvents = YES;
				INFOPLIST_KEY_UILaunchStoryboardName = LaunchScreen.storyboard;
				INFOPLIST_KEY_UIMainStoryboardFile = Main;
				INFOPLIST_KEY_UIRequiresFullScreen = YES;
				INFOPLIST_KEY_UISupportedInterfaceOrientations = "UIInterfaceOrientationPortrait UIInterfaceOrientationPortraitUpsideDown";
				IPHONEOS_DEPLOYMENT_TARGET = 15.0;
				LD_RUNPATH_SEARCH_PATHS = (
					"$(inherited)",
					"@executable_path/Frameworks",
				);
				MARKETING_VERSION = 1.0;
				PRODUCT_BUNDLE_IDENTIFIER = com.lazycatdesign.Alice;
				PRODUCT_NAME = "$(TARGET_NAME)";
				SWIFT_EMIT_LOC_STRINGS = YES;
				SWIFT_OBJC_BRIDGING_HEADER = "Alice/Alice-Bridging-Header.h";
				SWIFT_VERSION = 5.0;
				TARGETED_DEVICE_FAMILY = "1,2";
			};
			name = Release;
		};
/* End XCBuildConfiguration section */

/* Begin XCConfigurationList section */
		8AAC9C3D2918D9CF004680B6 /* Build configuration list for PBXProject "Alice" */ = {
			isa = XCConfigurationList;
			buildConfigurations = (
				8AAC9C542918D9D0004680B6 /* Debug */,
				8AAC9C552918D9D0004680B6 /* Release */,
			);
			defaultConfigurationIsVisible = 0;
			defaultConfigurationName = Release;
		};
		8AAC9C562918D9D0004680B6 /* Build configuration list for PBXNativeTarget "Alice" */ = {
			isa = XCConfigurationList;
			buildConfigurations = (
				8AAC9C572918D9D0004680B6 /* Debug */,
				8AAC9C582918D9D0004680B6 /* Release */,
			);
			defaultConfigurationIsVisible = 0;
			defaultConfigurationName = Release;
		};
/* End XCConfigurationList section */

/* Begin XCSwiftPackageProductDependency section */
		8A944E272970E735000449BE /* ColorPaletteCodable */ = {
			isa = XCSwiftPackageProductDependency;
			productName = ColorPaletteCodable;
		};
		8A991A9D296FE0BA000D2F37 /* ZIPFoundation */ = {
			isa = XCSwiftPackageProductDependency;
			productName = ZIPFoundation;
		};
/* End XCSwiftPackageProductDependency section */
	};
	rootObject = 8AAC9C3A2918D9CF004680B6 /* Project object */;
}
